
Microsoft Visual Studio Solution File, Format Version 12.00
# Visual Studio 15
VisualStudioVersion = 15.0.27428.2037
MinimumVisualStudioVersion = 10.0.40219.1
Project("{FAE04EC0-301F-11D3-BF4B-00C04F79EFBC}") = "01.Dictionary", "01.Dictionary.csproj", "{44EEA1D0-4530-4264-89BE-82A8BA329D52}"
EndProject
Project("{FAE04EC0-301F-11D3-BF4B-00C04F79EFBC}") = "03.Phonebook", "..\03.Phonebook\03.Phonebook.csproj", "{9C68D319-B3D7-4CBE-9182-A9DB24043D75}"
EndProject
Project("{FAE04EC0-301F-11D3-BF4B-00C04F79EFBC}") = "02.Count_Symbols", "..\02.Count_Symbols\02.Count_Symbols.csproj", "{6A817F2E-890B-4E65-8E48-D0936173AB62}"
EndProject
Project("{FAE04EC0-301F-11D3-BF4B-00C04F79EFBC}") = "04.Ordered_Set", "..\04.Ordered_Set\04.Ordered_Set.csproj", "{439EF86E-F9A2-4489-953F-BAB72A32B23E}"
EndProject
Project("{FAE04EC0-301F-11D3-BF4B-00C04F79EFBC}") = "05.Balanced_Ordered_Set", "..\05.Balanced_Ordered_Set\05.Balanced_Ordered_Set.csproj", "{68222CD1-AAA7-4464-A141-06033BC984CC}"
EndProject
Global
	GlobalSection(SolutionConfigurationPlatforms) = preSolution
		Debug|Any CPU = Debug|Any CPU
		Release|Any CPU = Release|Any CPU
	EndGlobalSection
	GlobalSection(ProjectConfigurationPlatforms) = postSolution
		{44EEA1D0-4530-4264-89BE-82A8BA329D52}.Debug|Any CPU.ActiveCfg = Debug|Any CPU
		{44EEA1D0-4530-4264-89BE-82A8BA329D52}.Debug|Any CPU.Build.0 = Debug|Any CPU
		{44EEA1D0-4530-4264-89BE-82A8BA329D52}.Release|Any CPU.ActiveCfg = Release|Any CPU
		{44EEA1D0-4530-4264-89BE-82A8BA329D52}.Release|Any CPU.Build.0 = Release|Any CPU
		{9C68D319-B3D7-4CBE-9182-A9DB24043D75}.Debug|Any CPU.ActiveCfg = Debug|Any CPU
		{9C68D319-B3D7-4CBE-9182-A9DB24043D75}.Debug|Any CPU.Build.0 = Debug|Any CPU
		{9C68D319-B3D7-4CBE-9182-A9DB24043D75}.Release|Any CPU.ActiveCfg = Release|Any CPU
		{9C68D319-B3D7-4CBE-9182-A9DB24043D75}.Release|Any CPU.Build.0 = Release|Any CPU
		{6A817F2E-890B-4E65-8E48-D0936173AB62}.Debug|Any CPU.ActiveCfg = Debug|Any CPU
		{6A817F2E-890B-4E65-8E48-D0936173AB62}.Debug|Any CPU.Build.0 = Debug|Any CPU
		{6A817F2E-890B-4E65-8E48-D0936173AB62}.Release|Any CPU.ActiveCfg = Release|Any CPU
		{6A817F2E-890B-4E65-8E48-D0936173AB62}.Release|Any CPU.Build.0 = Release|Any CPU
		{439EF86E-F9A2-4489-953F-BAB72A32B23E}.Debug|Any CPU.ActiveCfg = Debug|Any CPU
		{439EF86E-F9A2-4489-953F-BAB72A32B23E}.Debug|Any CPU.Build.0 = Debug|Any CPU
		{439EF86E-F9A2-4489-953F-BAB72A32B23E}.Release|Any CPU.ActiveCfg = Release|Any CPU
		{439EF86E-F9A2-4489-953F-BAB72A32B23E}.Release|Any CPU.Build.0 = Release|Any CPU
		{68222CD1-AAA7-4464-A141-06033BC984CC}.Debug|Any CPU.ActiveCfg = Debug|Any CPU
		{68222CD1-AAA7-4464-A141-06033BC984CC}.Debug|Any CPU.Build.0 = Debug|Any CPU
		{68222CD1-AAA7-4464-A141-06033BC984CC}.Release|Any CPU.ActiveCfg = Release|Any CPU
		{68222CD1-AAA7-4464-A141-06033BC984CC}.Release|Any CPU.Build.0 = Release|Any CPU
	EndGlobalSection
	GlobalSection(SolutionProperties) = preSolution
		HideSolutionNode = FALSE
	EndGlobalSection
	GlobalSection(ExtensibilityGlobals) = postSolution
		SolutionGuid = {04446778-5465-4A52-BF42-3ECD8B5ABFAC}
	EndGlobalSection
EndGlobal
